// !$*UTF8*$!
{
	archiveVersion = 1;
	classes = {
	};
	objectVersion = 46;
	objects = {

/* Begin PBXBuildFile section */
		25CC2FDB18FEB102005053AC /* Cocoa.framework in Frameworks */ = {isa = PBXBuildFile; fileRef = 25CC2FDA18FEB102005053AC /* Cocoa.framework */; };
		25CC2FE518FEB102005053AC /* InfoPlist.strings in Resources */ = {isa = PBXBuildFile; fileRef = 25CC2FE318FEB102005053AC /* InfoPlist.strings */; };
		25CC2FE718FEB102005053AC /* main.m in Sources */ = {isa = PBXBuildFile; fileRef = 25CC2FE618FEB102005053AC /* main.m */; };
		25CC2FEB18FEB102005053AC /* Credits.rtf in Resources */ = {isa = PBXBuildFile; fileRef = 25CC2FE918FEB102005053AC /* Credits.rtf */; };
		25CC2FEE18FEB102005053AC /* ABAppDelegate.m in Sources */ = {isa = PBXBuildFile; fileRef = 25CC2FED18FEB102005053AC /* ABAppDelegate.m */; };
		25CC2FF118FEB102005053AC /* MainMenu.xib in Resources */ = {isa = PBXBuildFile; fileRef = 25CC2FEF18FEB102005053AC /* MainMenu.xib */; };
		25CC2FF318FEB102005053AC /* Images.xcassets in Resources */ = {isa = PBXBuildFile; fileRef = 25CC2FF218FEB102005053AC /* Images.xcassets */; };
		25CC2FFA18FEB102005053AC /* XCTest.framework in Frameworks */ = {isa = PBXBuildFile; fileRef = 25CC2FF918FEB102005053AC /* XCTest.framework */; };
		25CC2FFB18FEB102005053AC /* Cocoa.framework in Frameworks */ = {isa = PBXBuildFile; fileRef = 25CC2FDA18FEB102005053AC /* Cocoa.framework */; };
		25CC300318FEB102005053AC /* InfoPlist.strings in Resources */ = {isa = PBXBuildFile; fileRef = 25CC300118FEB102005053AC /* InfoPlist.strings */; };
		25CC300518FEB102005053AC /* iBackupMounterTests.m in Sources */ = {isa = PBXBuildFile; fileRef = 25CC300418FEB102005053AC /* iBackupMounterTests.m */; };
		25CC301218FEB885005053AC /* OSXFUSE.framework in Frameworks */ = {isa = PBXBuildFile; fileRef = 25CC301118FEB885005053AC /* OSXFUSE.framework */; };
		25CC301518FECBB5005053AC /* ABFileSystem.m in Sources */ = {isa = PBXBuildFile; fileRef = 25CC301418FECBB5005053AC /* ABFileSystem.m */; };
/* End PBXBuildFile section */

/* Begin PBXContainerItemProxy section */
		25CC2FFC18FEB102005053AC /* PBXContainerItemProxy */ = {
			isa = PBXContainerItemProxy;
			containerPortal = 25CC2FCF18FEB102005053AC /* Project object */;
			proxyType = 1;
			remoteGlobalIDString = 25CC2FD618FEB102005053AC;
			remoteInfo = iBackupMounter;
		};
/* End PBXContainerItemProxy section */

/* Begin PBXFileReference section */
		25CC2FD718FEB102005053AC /* iBackupMounter.app */ = {isa = PBXFileReference; explicitFileType = wrapper.application; includeInIndex = 0; path = iBackupMounter.app; sourceTree = BUILT_PRODUCTS_DIR; };
		25CC2FDA18FEB102005053AC /* Cocoa.framework */ = {isa = PBXFileReference; lastKnownFileType = wrapper.framework; name = Cocoa.framework; path = System/Library/Frameworks/Cocoa.framework; sourceTree = SDKROOT; };
		25CC2FDD18FEB102005053AC /* AppKit.framework */ = {isa = PBXFileReference; lastKnownFileType = wrapper.framework; name = AppKit.framework; path = System/Library/Frameworks/AppKit.framework; sourceTree = SDKROOT; };
		25CC2FDE18FEB102005053AC /* CoreData.framework */ = {isa = PBXFileReference; lastKnownFileType = wrapper.framework; name = CoreData.framework; path = System/Library/Frameworks/CoreData.framework; sourceTree = SDKROOT; };
		25CC2FDF18FEB102005053AC /* Foundation.framework */ = {isa = PBXFileReference; lastKnownFileType = wrapper.framework; name = Foundation.framework; path = System/Library/Frameworks/Foundation.framework; sourceTree = SDKROOT; };
		25CC2FE218FEB102005053AC /* iBackupMounter-Info.plist */ = {isa = PBXFileReference; lastKnownFileType = text.plist.xml; path = "iBackupMounter-Info.plist"; sourceTree = "<group>"; };
		25CC2FE418FEB102005053AC /* en */ = {isa = PBXFileReference; lastKnownFileType = text.plist.strings; name = en; path = en.lproj/InfoPlist.strings; sourceTree = "<group>"; };
		25CC2FE618FEB102005053AC /* main.m */ = {isa = PBXFileReference; lastKnownFileType = sourcecode.c.objc; path = main.m; sourceTree = "<group>"; };
		25CC2FE818FEB102005053AC /* iBackupMounter-Prefix.pch */ = {isa = PBXFileReference; lastKnownFileType = sourcecode.c.h; path = "iBackupMounter-Prefix.pch"; sourceTree = "<group>"; };
		25CC2FEA18FEB102005053AC /* en */ = {isa = PBXFileReference; lastKnownFileType = text.rtf; name = en; path = en.lproj/Credits.rtf; sourceTree = "<group>"; };
		25CC2FEC18FEB102005053AC /* ABAppDelegate.h */ = {isa = PBXFileReference; lastKnownFileType = sourcecode.c.h; path = ABAppDelegate.h; sourceTree = "<group>"; };
		25CC2FED18FEB102005053AC /* ABAppDelegate.m */ = {isa = PBXFileReference; lastKnownFileType = sourcecode.c.objc; path = ABAppDelegate.m; sourceTree = "<group>"; };
		25CC2FF018FEB102005053AC /* Base */ = {isa = PBXFileReference; lastKnownFileType = file.xib; name = Base; path = Base.lproj/MainMenu.xib; sourceTree = "<group>"; };
		25CC2FF218FEB102005053AC /* Images.xcassets */ = {isa = PBXFileReference; lastKnownFileType = folder.assetcatalog; path = Images.xcassets; sourceTree = "<group>"; };
		25CC2FF818FEB102005053AC /* iBackupMounterTests.xctest */ = {isa = PBXFileReference; explicitFileType = wrapper.cfbundle; includeInIndex = 0; path = iBackupMounterTests.xctest; sourceTree = BUILT_PRODUCTS_DIR; };
		25CC2FF918FEB102005053AC /* XCTest.framework */ = {isa = PBXFileReference; lastKnownFileType = wrapper.framework; name = XCTest.framework; path = Library/Frameworks/XCTest.framework; sourceTree = DEVELOPER_DIR; };
		25CC300018FEB102005053AC /* iBackupMounterTests-Info.plist */ = {isa = PBXFileReference; lastKnownFileType = text.plist.xml; path = "iBackupMounterTests-Info.plist"; sourceTree = "<group>"; };
		25CC300218FEB102005053AC /* en */ = {isa = PBXFileReference; lastKnownFileType = text.plist.strings; name = en; path = en.lproj/InfoPlist.strings; sourceTree = "<group>"; };
		25CC300418FEB102005053AC /* iBackupMounterTests.m */ = {isa = PBXFileReference; lastKnownFileType = sourcecode.c.objc; path = iBackupMounterTests.m; sourceTree = "<group>"; };
		25CC301118FEB885005053AC /* OSXFUSE.framework */ = {isa = PBXFileReference; lastKnownFileType = wrapper.framework; path = OSXFUSE.framework; sourceTree = "<group>"; };
		25CC301318FECBB5005053AC /* ABFileSystem.h */ = {isa = PBXFileReference; fileEncoding = 4; lastKnownFileType = sourcecode.c.h; path = ABFileSystem.h; sourceTree = "<group>"; };
		25CC301418FECBB5005053AC /* ABFileSystem.m */ = {isa = PBXFileReference; fileEncoding = 4; lastKnownFileType = sourcecode.c.objc; path = ABFileSystem.m; sourceTree = "<group>"; };
/* End PBXFileReference section */

/* Begin PBXFrameworksBuildPhase section */
		25CC2FD418FEB102005053AC /* Frameworks */ = {
			isa = PBXFrameworksBuildPhase;
			buildActionMask = 2147483647;
			files = (
				25CC301218FEB885005053AC /* OSXFUSE.framework in Frameworks */,
				25CC2FDB18FEB102005053AC /* Cocoa.framework in Frameworks */,
			);
			runOnlyForDeploymentPostprocessing = 0;
		};
		25CC2FF518FEB102005053AC /* Frameworks */ = {
			isa = PBXFrameworksBuildPhase;
			buildActionMask = 2147483647;
			files = (
				25CC2FFB18FEB102005053AC /* Cocoa.framework in Frameworks */,
				25CC2FFA18FEB102005053AC /* XCTest.framework in Frameworks */,
			);
			runOnlyForDeploymentPostprocessing = 0;
		};
/* End PBXFrameworksBuildPhase section */

/* Begin PBXGroup section */
		25CC2FCE18FEB102005053AC = {
			isa = PBXGroup;
			children = (
				25CC2FE018FEB102005053AC /* iBackupMounter */,
				25CC2FFE18FEB102005053AC /* iBackupMounterTests */,
				25CC2FD918FEB102005053AC /* Frameworks */,
				25CC2FD818FEB102005053AC /* Products */,
			);
			sourceTree = "<group>";
		};
		25CC2FD818FEB102005053AC /* Products */ = {
			isa = PBXGroup;
			children = (
				25CC2FD718FEB102005053AC /* iBackupMounter.app */,
				25CC2FF818FEB102005053AC /* iBackupMounterTests.xctest */,
			);
			name = Products;
			sourceTree = "<group>";
		};
		25CC2FD918FEB102005053AC /* Frameworks */ = {
			isa = PBXGroup;
			children = (
				25CC301118FEB885005053AC /* OSXFUSE.framework */,
				25CC2FDA18FEB102005053AC /* Cocoa.framework */,
				25CC2FF918FEB102005053AC /* XCTest.framework */,
				25CC2FDC18FEB102005053AC /* Other Frameworks */,
			);
			name = Frameworks;
			sourceTree = "<group>";
		};
		25CC2FDC18FEB102005053AC /* Other Frameworks */ = {
			isa = PBXGroup;
			children = (
				25CC2FDD18FEB102005053AC /* AppKit.framework */,
				25CC2FDE18FEB102005053AC /* CoreData.framework */,
				25CC2FDF18FEB102005053AC /* Foundation.framework */,
			);
			name = "Other Frameworks";
			sourceTree = "<group>";
		};
		25CC2FE018FEB102005053AC /* iBackupMounter */ = {
			isa = PBXGroup;
			children = (
				25CC2FEC18FEB102005053AC /* ABAppDelegate.h */,
				25CC2FED18FEB102005053AC /* ABAppDelegate.m */,
				25CC2FEF18FEB102005053AC /* MainMenu.xib */,
				25CC301318FECBB5005053AC /* ABFileSystem.h */,
				25CC301418FECBB5005053AC /* ABFileSystem.m */,
				25CC2FF218FEB102005053AC /* Images.xcassets */,
				25CC2FE118FEB102005053AC /* Supporting Files */,
			);
			path = iBackupMounter;
			sourceTree = "<group>";
		};
		25CC2FE118FEB102005053AC /* Supporting Files */ = {
			isa = PBXGroup;
			children = (
				25CC2FE218FEB102005053AC /* iBackupMounter-Info.plist */,
				25CC2FE318FEB102005053AC /* InfoPlist.strings */,
				25CC2FE618FEB102005053AC /* main.m */,
				25CC2FE818FEB102005053AC /* iBackupMounter-Prefix.pch */,
				25CC2FE918FEB102005053AC /* Credits.rtf */,
			);
			name = "Supporting Files";
			sourceTree = "<group>";
		};
		25CC2FFE18FEB102005053AC /* iBackupMounterTests */ = {
			isa = PBXGroup;
			children = (
				25CC300418FEB102005053AC /* iBackupMounterTests.m */,
				25CC2FFF18FEB102005053AC /* Supporting Files */,
			);
			path = iBackupMounterTests;
			sourceTree = "<group>";
		};
		25CC2FFF18FEB102005053AC /* Supporting Files */ = {
			isa = PBXGroup;
			children = (
				25CC300018FEB102005053AC /* iBackupMounterTests-Info.plist */,
				25CC300118FEB102005053AC /* InfoPlist.strings */,
			);
			name = "Supporting Files";
			sourceTree = "<group>";
		};
/* End PBXGroup section */

/* Begin PBXNativeTarget section */
		25CC2FD618FEB102005053AC /* iBackupMounter */ = {
			isa = PBXNativeTarget;
			buildConfigurationList = 25CC300818FEB102005053AC /* Build configuration list for PBXNativeTarget "iBackupMounter" */;
			buildPhases = (
				257995151900793200E0A6F1 /* Run Script Build Number Increment */,
				25CC2FD318FEB102005053AC /* Sources */,
				25CC2FD418FEB102005053AC /* Frameworks */,
				25CC2FD518FEB102005053AC /* Resources */,
			);
			buildRules = (
			);
			dependencies = (
			);
			name = iBackupMounter;
			productName = iBackupMounter;
			productReference = 25CC2FD718FEB102005053AC /* iBackupMounter.app */;
			productType = "com.apple.product-type.application";
		};
		25CC2FF718FEB102005053AC /* iBackupMounterTests */ = {
			isa = PBXNativeTarget;
			buildConfigurationList = 25CC300B18FEB102005053AC /* Build configuration list for PBXNativeTarget "iBackupMounterTests" */;
			buildPhases = (
				25CC2FF418FEB102005053AC /* Sources */,
				25CC2FF518FEB102005053AC /* Frameworks */,
				25CC2FF618FEB102005053AC /* Resources */,
			);
			buildRules = (
			);
			dependencies = (
				25CC2FFD18FEB102005053AC /* PBXTargetDependency */,
			);
			name = iBackupMounterTests;
			productName = iBackupMounterTests;
			productReference = 25CC2FF818FEB102005053AC /* iBackupMounterTests.xctest */;
			productType = "com.apple.product-type.bundle.unit-test";
		};
/* End PBXNativeTarget section */

/* Begin PBXProject section */
		25CC2FCF18FEB102005053AC /* Project object */ = {
			isa = PBXProject;
			attributes = {
				CLASSPREFIX = AB;
				LastUpgradeCheck = 0930;
				ORGANIZATIONNAME = "Codeless Solutions";
				TargetAttributes = {
					25CC2FF718FEB102005053AC = {
						TestTargetID = 25CC2FD618FEB102005053AC;
					};
				};
			};
			buildConfigurationList = 25CC2FD218FEB102005053AC /* Build configuration list for PBXProject "iBackupMounter" */;
			compatibilityVersion = "Xcode 3.2";
			developmentRegion = English;
			hasScannedForEncodings = 0;
			knownRegions = (
				en,
				Base,
			);
			mainGroup = 25CC2FCE18FEB102005053AC;
			productRefGroup = 25CC2FD818FEB102005053AC /* Products */;
			projectDirPath = "";
			projectRoot = "";
			targets = (
				25CC2FD618FEB102005053AC /* iBackupMounter */,
				25CC2FF718FEB102005053AC /* iBackupMounterTests */,
			);
		};
/* End PBXProject section */

/* Begin PBXResourcesBuildPhase section */
		25CC2FD518FEB102005053AC /* Resources */ = {
			isa = PBXResourcesBuildPhase;
			buildActionMask = 2147483647;
			files = (
				25CC2FE518FEB102005053AC /* InfoPlist.strings in Resources */,
				25CC2FF318FEB102005053AC /* Images.xcassets in Resources */,
				25CC2FEB18FEB102005053AC /* Credits.rtf in Resources */,
				25CC2FF118FEB102005053AC /* MainMenu.xib in Resources */,
			);
			runOnlyForDeploymentPostprocessing = 0;
		};
		25CC2FF618FEB102005053AC /* Resources */ = {
			isa = PBXResourcesBuildPhase;
			buildActionMask = 2147483647;
			files = (
				25CC300318FEB102005053AC /* InfoPlist.strings in Resources */,
			);
			runOnlyForDeploymentPostprocessing = 0;
		};
/* End PBXResourcesBuildPhase section */

/* Begin PBXShellScriptBuildPhase section */
		257995151900793200E0A6F1 /* Run Script Build Number Increment */ = {
			isa = PBXShellScriptBuildPhase;
			buildActionMask = 2147483647;
			files = (
			);
			inputPaths = (
			);
			name = "Run Script Build Number Increment";
			outputPaths = (
			);
			runOnlyForDeploymentPostprocessing = 0;
			shellPath = /bin/sh;
			shellScript = "#!/bin/bash\nbuildNumber=$(/usr/libexec/PlistBuddy -c \"Print CFBundleVersion\" \"$INFOPLIST_FILE\")\nbuildNumber=$(($buildNumber + 1))\n/usr/libexec/PlistBuddy -c \"Set :CFBundleVersion $buildNumber\" \"$INFOPLIST_FILE\"";
		};
/* End PBXShellScriptBuildPhase section */

/* Begin PBXSourcesBuildPhase section */
		25CC2FD318FEB102005053AC /* Sources */ = {
			isa = PBXSourcesBuildPhase;
			buildActionMask = 2147483647;
			files = (
				25CC2FE718FEB102005053AC /* main.m in Sources */,
				25CC301518FECBB5005053AC /* ABFileSystem.m in Sources */,
				25CC2FEE18FEB102005053AC /* ABAppDelegate.m in Sources */,
			);
			runOnlyForDeploymentPostprocessing = 0;
		};
		25CC2FF418FEB102005053AC /* Sources */ = {
			isa = PBXSourcesBuildPhase;
			buildActionMask = 2147483647;
			files = (
				25CC300518FEB102005053AC /* iBackupMounterTests.m in Sources */,
			);
			runOnlyForDeploymentPostprocessing = 0;
		};
/* End PBXSourcesBuildPhase section */

/* Begin PBXTargetDependency section */
		25CC2FFD18FEB102005053AC /* PBXTargetDependency */ = {
			isa = PBXTargetDependency;
			target = 25CC2FD618FEB102005053AC /* iBackupMounter */;
			targetProxy = 25CC2FFC18FEB102005053AC /* PBXContainerItemProxy */;
		};
/* End PBXTargetDependency section */

/* Begin PBXVariantGroup section */
		25CC2FE318FEB102005053AC /* InfoPlist.strings */ = {
			isa = PBXVariantGroup;
			children = (
				25CC2FE418FEB102005053AC /* en */,
			);
			name = InfoPlist.strings;
			sourceTree = "<group>";
		};
		25CC2FE918FEB102005053AC /* Credits.rtf */ = {
			isa = PBXVariantGroup;
			children = (
				25CC2FEA18FEB102005053AC /* en */,
			);
			name = Credits.rtf;
			sourceTree = "<group>";
		};
		25CC2FEF18FEB102005053AC /* MainMenu.xib */ = {
			isa = PBXVariantGroup;
			children = (
				25CC2FF018FEB102005053AC /* Base */,
			);
			name = MainMenu.xib;
			sourceTree = "<group>";
		};
		25CC300118FEB102005053AC /* InfoPlist.strings */ = {
			isa = PBXVariantGroup;
			children = (
				25CC300218FEB102005053AC /* en */,
			);
			name = InfoPlist.strings;
			sourceTree = "<group>";
		};
/* End PBXVariantGroup section */

/* Begin XCBuildConfiguration section */
		25CC300618FEB102005053AC /* Debug */ = {
			isa = XCBuildConfiguration;
			buildSettings = {
				ALWAYS_SEARCH_USER_PATHS = NO;
				CLANG_CXX_LANGUAGE_STANDARD = "gnu++0x";
				CLANG_CXX_LIBRARY = "libc++";
				CLANG_ENABLE_MODULES = YES;
				CLANG_ENABLE_OBJC_ARC = YES;
				CLANG_WARN_BLOCK_CAPTURE_AUTORELEASING = YES;
				CLANG_WARN_BOOL_CONVERSION = YES;
				CLANG_WARN_COMMA = YES;
				CLANG_WARN_CONSTANT_CONVERSION = YES;
				CLANG_WARN_DEPRECATED_OBJC_IMPLEMENTATIONS = YES;
				CLANG_WARN_DIRECT_OBJC_ISA_USAGE = YES_ERROR;
				CLANG_WARN_EMPTY_BODY = YES;
				CLANG_WARN_ENUM_CONVERSION = YES;
				CLANG_WARN_INFINITE_RECURSION = YES;
				CLANG_WARN_INT_CONVERSION = YES;
				CLANG_WARN_NON_LITERAL_NULL_CONVERSION = YES;
				CLANG_WARN_OBJC_IMPLICIT_RETAIN_SELF = YES;
				CLANG_WARN_OBJC_LITERAL_CONVERSION = YES;
				CLANG_WARN_OBJC_ROOT_CLASS = YES_ERROR;
				CLANG_WARN_RANGE_LOOP_ANALYSIS = YES;
				CLANG_WARN_STRICT_PROTOTYPES = YES;
				CLANG_WARN_SUSPICIOUS_MOVE = YES;
				CLANG_WARN_UNREACHABLE_CODE = YES;
				CLANG_WARN__DUPLICATE_METHOD_MATCH = YES;
				COPY_PHASE_STRIP = NO;
				ENABLE_STRICT_OBJC_MSGSEND = YES;
				ENABLE_TESTABILITY = YES;
				GCC_C_LANGUAGE_STANDARD = gnu99;
				GCC_DYNAMIC_NO_PIC = NO;
				GCC_ENABLE_OBJC_EXCEPTIONS = YES;
				GCC_NO_COMMON_BLOCKS = YES;
				GCC_OPTIMIZATION_LEVEL = 0;
				GCC_PREPROCESSOR_DEFINITIONS = (
					"DEBUG=1",
					"$(inherited)",
				);
				GCC_SYMBOLS_PRIVATE_EXTERN = NO;
				GCC_WARN_64_TO_32_BIT_CONVERSION = YES;
				GCC_WARN_ABOUT_RETURN_TYPE = YES_ERROR;
				GCC_WARN_UNDECLARED_SELECTOR = YES;
				GCC_WARN_UNINITIALIZED_AUTOS = YES_AGGRESSIVE;
				GCC_WARN_UNUSED_FUNCTION = YES;
				GCC_WARN_UNUSED_VARIABLE = YES;
				MACOSX_DEPLOYMENT_TARGET = 10.9;
				ONLY_ACTIVE_ARCH = YES;
				SDKROOT = macosx;
			};
			name = Debug;
		};
		25CC300718FEB102005053AC /* Release */ = {
			isa = XCBuildConfiguration;
			buildSettings = {
				ALWAYS_SEARCH_USER_PATHS = NO;
				CLANG_CXX_LANGUAGE_STANDARD = "gnu++0x";
				CLANG_CXX_LIBRARY = "libc++";
				CLANG_ENABLE_MODULES = YES;
				CLANG_ENABLE_OBJC_ARC = YES;
				CLANG_WARN_BLOCK_CAPTURE_AUTORELEASING = YES;
				CLANG_WARN_BOOL_CONVERSION = YES;
				CLANG_WARN_COMMA = YES;
				CLANG_WARN_CONSTANT_CONVERSION = YES;
				CLANG_WARN_DEPRECATED_OBJC_IMPLEMENTATIONS = YES;
				CLANG_WARN_DIRECT_OBJC_ISA_USAGE = YES_ERROR;
				CLANG_WARN_EMPTY_BODY = YES;
				CLANG_WARN_ENUM_CONVERSION = YES;
				CLANG_WARN_INFINITE_RECURSION = YES;
				CLANG_WARN_INT_CONVERSION = YES;
				CLANG_WARN_NON_LITERAL_NULL_CONVERSION = YES;
				CLANG_WARN_OBJC_IMPLICIT_RETAIN_SELF = YES;
				CLANG_WARN_OBJC_LITERAL_CONVERSION = YES;
				CLANG_WARN_OBJC_ROOT_CLASS = YES_ERROR;
				CLANG_WARN_RANGE_LOOP_ANALYSIS = YES;
				CLANG_WARN_STRICT_PROTOTYPES = YES;
				CLANG_WARN_SUSPICIOUS_MOVE = YES;
				CLANG_WARN_UNREACHABLE_CODE = YES;
				CLANG_WARN__DUPLICATE_METHOD_MATCH = YES;
				COPY_PHASE_STRIP = YES;
				DEBUG_INFORMATION_FORMAT = "dwarf-with-dsym";
				ENABLE_NS_ASSERTIONS = NO;
				ENABLE_STRICT_OBJC_MSGSEND = YES;
				GCC_C_LANGUAGE_STANDARD = gnu99;
				GCC_ENABLE_OBJC_EXCEPTIONS = YES;
				GCC_NO_COMMON_BLOCKS = YES;
				GCC_WARN_64_TO_32_BIT_CONVERSION = YES;
				GCC_WARN_ABOUT_RETURN_TYPE = YES_ERROR;
				GCC_WARN_UNDECLARED_SELECTOR = YES;
				GCC_WARN_UNINITIALIZED_AUTOS = YES_AGGRESSIVE;
				GCC_WARN_UNUSED_FUNCTION = YES;
				GCC_WARN_UNUSED_VARIABLE = YES;
				MACOSX_DEPLOYMENT_TARGET = 10.9;
				SDKROOT = macosx;
			};
			name = Release;
		};
		25CC300918FEB102005053AC /* Debug */ = {
			isa = XCBuildConfiguration;
			buildSettings = {
				ASSETCATALOG_COMPILER_APPICON_NAME = AppIcon;
				COMBINE_HIDPI_IMAGES = YES;
				FRAMEWORK_SEARCH_PATHS = (
					"$(inherited)",
					"$(PROJECT_DIR)",
				);
				GCC_PRECOMPILE_PREFIX_HEADER = YES;
				GCC_PREFIX_HEADER = "iBackupMounter/iBackupMounter-Prefix.pch";
				INFOPLIST_FILE = "iBackupMounter/iBackupMounter-Info.plist";
				MACOSX_DEPLOYMENT_TARGET = 10.8;
				PRODUCT_BUNDLE_IDENTIFIER = "com.codeless.${PRODUCT_NAME:rfc1034identifier}";
				PRODUCT_NAME = "$(TARGET_NAME)";
				WRAPPER_EXTENSION = app;
			};
			name = Debug;
		};
		25CC300A18FEB102005053AC /* Release */ = {
			isa = XCBuildConfiguration;
			buildSettings = {
				ASSETCATALOG_COMPILER_APPICON_NAME = AppIcon;
				COMBINE_HIDPI_IMAGES = YES;
				FRAMEWORK_SEARCH_PATHS = (
					"$(inherited)",
					"$(PROJECT_DIR)",
				);
				GCC_PRECOMPILE_PREFIX_HEADER = YES;
				GCC_PREFIX_HEADER = "iBackupMounter/iBackupMounter-Prefix.pch";
				INFOPLIST_FILE = "iBackupMounter/iBackupMounter-Info.plist";
				MACOSX_DEPLOYMENT_TARGET = 10.8;
				PRODUCT_BUNDLE_IDENTIFIER = "com.codeless.${PRODUCT_NAME:rfc1034identifier}";
				PRODUCT_NAME = "$(TARGET_NAME)";
				WRAPPER_EXTENSION = app;
			};
			name = Release;
		};
		25CC300C18FEB102005053AC /* Debug */ = {
			isa = XCBuildConfiguration;
			buildSettings = {
				BUNDLE_LOADER = "$(BUILT_PRODUCTS_DIR)/iBackupMounter.app/Contents/MacOS/iBackupMounter";
				COMBINE_HIDPI_IMAGES = YES;
				FRAMEWORK_SEARCH_PATHS = (
					"$(DEVELOPER_FRAMEWORKS_DIR)",
					"$(inherited)",
				);
				GCC_PRECOMPILE_PREFIX_HEADER = YES;
				GCC_PREFIX_HEADER = "iBackupMounter/iBackupMounter-Prefix.pch";
				GCC_PREPROCESSOR_DEFINITIONS = (
					"DEBUG=1",
					"$(inherited)",
				);
				INFOPLIST_FILE = "iBackupMounterTests/iBackupMounterTests-Info.plist";
				PRODUCT_BUNDLE_IDENTIFIER = "com.codeless.${PRODUCT_NAME:rfc1034identifier}";
				PRODUCT_NAME = "$(TARGET_NAME)";
				TEST_HOST = "$(BUNDLE_LOADER)";
				WRAPPER_EXTENSION = xctest;
			};
			name = Debug;
		};
		25CC300D18FEB102005053AC /* Release */ = {
			isa = XCBuildConfiguration;
			buildSettings = {
				BUNDLE_LOADER = "$(BUILT_PRODUCTS_DIR)/iBackupMounter.app/Contents/MacOS/iBackupMounter";
				COMBINE_HIDPI_IMAGES = YES;
				FRAMEWORK_SEARCH_PATHS = (
					"$(DEVELOPER_FRAMEWORKS_DIR)",
					"$(inherited)",
				);
				GCC_PRECOMPILE_PREFIX_HEADER = YES;
				GCC_PREFIX_HEADER = "iBackupMounter/iBackupMounter-Prefix.pch";
				INFOPLIST_FILE = "iBackupMounterTests/iBackupMounterTests-Info.plist";
				PRODUCT_BUNDLE_IDENTIFIER = "com.codeless.${PRODUCT_NAME:rfc1034identifier}";
				PRODUCT_NAME = "$(TARGET_NAME)";
				TEST_HOST = "$(BUNDLE_LOADER)";
				WRAPPER_EXTENSION = xctest;
			};
			name = Release;
		};
/* End XCBuildConfiguration section */

/* Begin XCConfigurationList section */
		25CC2FD218FEB102005053AC /* Build configuration list for PBXProject "iBackupMounter" */ = {
			isa = XCConfigurationList;
			buildConfigurations = (
				25CC300618FEB102005053AC /* Debug */,
				25CC300718FEB102005053AC /* Release */,
			);
			defaultConfigurationIsVisible = 0;
			defaultConfigurationName = Release;
		};
		25CC300818FEB102005053AC /* Build configuration list for PBXNativeTarget "iBackupMounter" */ = {
			isa = XCConfigurationList;
			buildConfigurations = (
				25CC300918FEB102005053AC /* Debug */,
				25CC300A18FEB102005053AC /* Release */,
			);
			defaultConfigurationIsVisible = 0;
			defaultConfigurationName = Release;
		};
		25CC300B18FEB102005053AC /* Build configuration list for PBXNativeTarget "iBackupMounterTests" */ = {
			isa = XCConfigurationList;
			buildConfigurations = (
				25CC300C18FEB102005053AC /* Debug */,
				25CC300D18FEB102005053AC /* Release */,
			);
			defaultConfigurationIsVisible = 0;
			defaultConfigurationName = Release;
		};
/* End XCConfigurationList section */
	};
	rootObject = 25CC2FCF18FEB102005053AC /* Project object */;
}
